// !$*UTF8*$!
{
	archiveVersion = 1;
	classes = {
	};
	objectVersion = 56;
	objects = {

/* Begin PBXBuildFile section */
		F81B03AC2AFBB764008DAE87 /* AppDelegate.swift in Sources */ = {isa = PBXBuildFile; fileRef = F81B03AB2AFBB764008DAE87 /* AppDelegate.swift */; };
		F81B03AE2AFBB764008DAE87 /* SceneDelegate.swift in Sources */ = {isa = PBXBuildFile; fileRef = F81B03AD2AFBB764008DAE87 /* SceneDelegate.swift */; };
		F81B03B02AFBB764008DAE87 /* ViewController.swift in Sources */ = {isa = PBXBuildFile; fileRef = F81B03AF2AFBB764008DAE87 /* ViewController.swift */; };
		F81B03B52AFBB766008DAE87 /* Assets.xcassets in Resources */ = {isa = PBXBuildFile; fileRef = F81B03B42AFBB766008DAE87 /* Assets.xcassets */; };
		F81B03B82AFBB766008DAE87 /* LaunchScreen.storyboard in Resources */ = {isa = PBXBuildFile; fileRef = F81B03B62AFBB766008DAE87 /* LaunchScreen.storyboard */; };
		F81B03C32AFBB767008DAE87 /* MovieAppTests.swift in Sources */ = {isa = PBXBuildFile; fileRef = F81B03C22AFBB767008DAE87 /* MovieAppTests.swift */; };
		F81B03CD2AFBB767008DAE87 /* MovieAppUITests.swift in Sources */ = {isa = PBXBuildFile; fileRef = F81B03CC2AFBB767008DAE87 /* MovieAppUITests.swift */; };
		F81B03CF2AFBB767008DAE87 /* MovieAppUITestsLaunchTests.swift in Sources */ = {isa = PBXBuildFile; fileRef = F81B03CE2AFBB767008DAE87 /* MovieAppUITestsLaunchTests.swift */; };
		F81B03E12AFBB836008DAE87 /* APIManager.swift in Sources */ = {isa = PBXBuildFile; fileRef = F81B03E02AFBB836008DAE87 /* APIManager.swift */; };
		F81B03E32AFBB845008DAE87 /* MovieService.swift in Sources */ = {isa = PBXBuildFile; fileRef = F81B03E22AFBB845008DAE87 /* MovieService.swift */; };
		F81B03E72AFBB87A008DAE87 /* MoviesViewModelProtocol.swift in Sources */ = {isa = PBXBuildFile; fileRef = F81B03E62AFBB87A008DAE87 /* MoviesViewModelProtocol.swift */; };
		F81B03E92AFBB89B008DAE87 /* MoviesModel.swift in Sources */ = {isa = PBXBuildFile; fileRef = F81B03E82AFBB89B008DAE87 /* MoviesModel.swift */; };
		F81B03EB2AFBC4B7008DAE87 /* DetailViewController.swift in Sources */ = {isa = PBXBuildFile; fileRef = F81B03EA2AFBC4B7008DAE87 /* DetailViewController.swift */; };
		F8E01D362AFBE23100511374 /* DetailMoviesModel.swift in Sources */ = {isa = PBXBuildFile; fileRef = F8E01D352AFBE23100511374 /* DetailMoviesModel.swift */; };
		F8E01D392AFBE5F700511374 /* MovieCell.swift in Sources */ = {isa = PBXBuildFile; fileRef = F8E01D382AFBE5F700511374 /* MovieCell.swift */; };
		F8E01D3B2AFC16E400511374 /* MoviesViewModel.swift in Sources */ = {isa = PBXBuildFile; fileRef = F8E01D3A2AFC16E400511374 /* MoviesViewModel.swift */; };
		F8E01D3D2AFC178A00511374 /* DetailViewModel.swift in Sources */ = {isa = PBXBuildFile; fileRef = F8E01D3C2AFC178A00511374 /* DetailViewModel.swift */; };
		F8E01D3F2AFC17A000511374 /* DetailViewModelProtocol.swift in Sources */ = {isa = PBXBuildFile; fileRef = F8E01D3E2AFC17A000511374 /* DetailViewModelProtocol.swift */; };
/* End PBXBuildFile section */

/* Begin PBXContainerItemProxy section */
		F81B03BF2AFBB767008DAE87 /* PBXContainerItemProxy */ = {
			isa = PBXContainerItemProxy;
			containerPortal = F81B03A02AFBB764008DAE87 /* Project object */;
			proxyType = 1;
			remoteGlobalIDString = F81B03A72AFBB764008DAE87;
			remoteInfo = MovieApp;
		};
		F81B03C92AFBB767008DAE87 /* PBXContainerItemProxy */ = {
			isa = PBXContainerItemProxy;
			containerPortal = F81B03A02AFBB764008DAE87 /* Project object */;
			proxyType = 1;
			remoteGlobalIDString = F81B03A72AFBB764008DAE87;
			remoteInfo = MovieApp;
		};
/* End PBXContainerItemProxy section */

/* Begin PBXFileReference section */
		F81B03A82AFBB764008DAE87 /* MovieApp.app */ = {isa = PBXFileReference; explicitFileType = wrapper.application; includeInIndex = 0; path = MovieApp.app; sourceTree = BUILT_PRODUCTS_DIR; };
		F81B03AB2AFBB764008DAE87 /* AppDelegate.swift */ = {isa = PBXFileReference; lastKnownFileType = sourcecode.swift; path = AppDelegate.swift; sourceTree = "<group>"; };
		F81B03AD2AFBB764008DAE87 /* SceneDelegate.swift */ = {isa = PBXFileReference; lastKnownFileType = sourcecode.swift; path = SceneDelegate.swift; sourceTree = "<group>"; };
		F81B03AF2AFBB764008DAE87 /* ViewController.swift */ = {isa = PBXFileReference; lastKnownFileType = sourcecode.swift; path = ViewController.swift; sourceTree = "<group>"; };
		F81B03B42AFBB766008DAE87 /* Assets.xcassets */ = {isa = PBXFileReference; lastKnownFileType = folder.assetcatalog; path = Assets.xcassets; sourceTree = "<group>"; };
		F81B03B72AFBB766008DAE87 /* Base */ = {isa = PBXFileReference; lastKnownFileType = file.storyboard; name = Base; path = Base.lproj/LaunchScreen.storyboard; sourceTree = "<group>"; };
		F81B03B92AFBB766008DAE87 /* Info.plist */ = {isa = PBXFileReference; lastKnownFileType = text.plist.xml; path = Info.plist; sourceTree = "<group>"; };
		F81B03BE2AFBB767008DAE87 /* MovieAppTests.xctest */ = {isa = PBXFileReference; explicitFileType = wrapper.cfbundle; includeInIndex = 0; path = MovieAppTests.xctest; sourceTree = BUILT_PRODUCTS_DIR; };
		F81B03C22AFBB767008DAE87 /* MovieAppTests.swift */ = {isa = PBXFileReference; lastKnownFileType = sourcecode.swift; path = MovieAppTests.swift; sourceTree = "<group>"; };
		F81B03C82AFBB767008DAE87 /* MovieAppUITests.xctest */ = {isa = PBXFileReference; explicitFileType = wrapper.cfbundle; includeInIndex = 0; path = MovieAppUITests.xctest; sourceTree = BUILT_PRODUCTS_DIR; };
		F81B03CC2AFBB767008DAE87 /* MovieAppUITests.swift */ = {isa = PBXFileReference; lastKnownFileType = sourcecode.swift; path = MovieAppUITests.swift; sourceTree = "<group>"; };
		F81B03CE2AFBB767008DAE87 /* MovieAppUITestsLaunchTests.swift */ = {isa = PBXFileReference; lastKnownFileType = sourcecode.swift; path = MovieAppUITestsLaunchTests.swift; sourceTree = "<group>"; };
		F81B03E02AFBB836008DAE87 /* APIManager.swift */ = {isa = PBXFileReference; lastKnownFileType = sourcecode.swift; path = APIManager.swift; sourceTree = "<group>"; };
		F81B03E22AFBB845008DAE87 /* MovieService.swift */ = {isa = PBXFileReference; lastKnownFileType = sourcecode.swift; path = MovieService.swift; sourceTree = "<group>"; };
		F81B03E62AFBB87A008DAE87 /* MoviesViewModelProtocol.swift */ = {isa = PBXFileReference; lastKnownFileType = sourcecode.swift; path = MoviesViewModelProtocol.swift; sourceTree = "<group>"; };
		F81B03E82AFBB89B008DAE87 /* MoviesModel.swift */ = {isa = PBXFileReference; lastKnownFileType = sourcecode.swift; path = MoviesModel.swift; sourceTree = "<group>"; };
		F81B03EA2AFBC4B7008DAE87 /* DetailViewController.swift */ = {isa = PBXFileReference; lastKnownFileType = sourcecode.swift; path = DetailViewController.swift; sourceTree = "<group>"; };
		F8E01D352AFBE23100511374 /* DetailMoviesModel.swift */ = {isa = PBXFileReference; lastKnownFileType = sourcecode.swift; path = DetailMoviesModel.swift; sourceTree = "<group>"; };
		F8E01D382AFBE5F700511374 /* MovieCell.swift */ = {isa = PBXFileReference; lastKnownFileType = sourcecode.swift; path = MovieCell.swift; sourceTree = "<group>"; };
		F8E01D3A2AFC16E400511374 /* MoviesViewModel.swift */ = {isa = PBXFileReference; lastKnownFileType = sourcecode.swift; path = MoviesViewModel.swift; sourceTree = "<group>"; };
		F8E01D3C2AFC178A00511374 /* DetailViewModel.swift */ = {isa = PBXFileReference; lastKnownFileType = sourcecode.swift; path = DetailViewModel.swift; sourceTree = "<group>"; };
		F8E01D3E2AFC17A000511374 /* DetailViewModelProtocol.swift */ = {isa = PBXFileReference; lastKnownFileType = sourcecode.swift; path = DetailViewModelProtocol.swift; sourceTree = "<group>"; };
/* End PBXFileReference section */

/* Begin PBXFrameworksBuildPhase section */
		F81B03A52AFBB764008DAE87 /* Frameworks */ = {
			isa = PBXFrameworksBuildPhase;
			buildActionMask = 2147483647;
			files = (
			);
			runOnlyForDeploymentPostprocessing = 0;
		};
		F81B03BB2AFBB767008DAE87 /* Frameworks */ = {
			isa = PBXFrameworksBuildPhase;
			buildActionMask = 2147483647;
			files = (
			);
			runOnlyForDeploymentPostprocessing = 0;
		};
		F81B03C52AFBB767008DAE87 /* Frameworks */ = {
			isa = PBXFrameworksBuildPhase;
			buildActionMask = 2147483647;
			files = (
			);
			runOnlyForDeploymentPostprocessing = 0;
		};
/* End PBXFrameworksBuildPhase section */

/* Begin PBXGroup section */
		F81B039F2AFBB764008DAE87 = {
			isa = PBXGroup;
			children = (
				F81B03AA2AFBB764008DAE87 /* MovieApp */,
				F81B03C12AFBB767008DAE87 /* MovieAppTests */,
				F81B03CB2AFBB767008DAE87 /* MovieAppUITests */,
				F81B03A92AFBB764008DAE87 /* Products */,
			);
			sourceTree = "<group>";
		};
		F81B03A92AFBB764008DAE87 /* Products */ = {
			isa = PBXGroup;
			children = (
				F81B03A82AFBB764008DAE87 /* MovieApp.app */,
				F81B03BE2AFBB767008DAE87 /* MovieAppTests.xctest */,
				F81B03C82AFBB767008DAE87 /* MovieAppUITests.xctest */,
			);
			name = Products;
			sourceTree = "<group>";
		};
		F81B03AA2AFBB764008DAE87 /* MovieApp */ = {
			isa = PBXGroup;
			children = (
				F8E01D372AFBE5DE00511374 /* Cells */,
				F81B03DF2AFBB7FE008DAE87 /* Service */,
				F81B03DE2AFBB7F4008DAE87 /* View */,
				F81B03DD2AFBB780008DAE87 /* ViewModel */,
				F81B03DC2AFBB77B008DAE87 /* Model */,
				F81B03DB2AFBB772008DAE87 /* Helpers */,
				F81B03B92AFBB766008DAE87 /* Info.plist */,
			);
			path = MovieApp;
			sourceTree = "<group>";
		};
		F81B03C12AFBB767008DAE87 /* MovieAppTests */ = {
			isa = PBXGroup;
			children = (
				F81B03C22AFBB767008DAE87 /* MovieAppTests.swift */,
			);
			path = MovieAppTests;
			sourceTree = "<group>";
		};
		F81B03CB2AFBB767008DAE87 /* MovieAppUITests */ = {
			isa = PBXGroup;
			children = (
				F81B03CC2AFBB767008DAE87 /* MovieAppUITests.swift */,
				F81B03CE2AFBB767008DAE87 /* MovieAppUITestsLaunchTests.swift */,
			);
			path = MovieAppUITests;
			sourceTree = "<group>";
		};
		F81B03DB2AFBB772008DAE87 /* Helpers */ = {
			isa = PBXGroup;
			children = (
				F81B03B42AFBB766008DAE87 /* Assets.xcassets */,
				F81B03AD2AFBB764008DAE87 /* SceneDelegate.swift */,
				F81B03AB2AFBB764008DAE87 /* AppDelegate.swift */,
				F81B03B62AFBB766008DAE87 /* LaunchScreen.storyboard */,
			);
			path = Helpers;
			sourceTree = "<group>";
		};
		F81B03DC2AFBB77B008DAE87 /* Model */ = {
			isa = PBXGroup;
			children = (
				F81B03E82AFBB89B008DAE87 /* MoviesModel.swift */,
				F8E01D352AFBE23100511374 /* DetailMoviesModel.swift */,
			);
			path = Model;
			sourceTree = "<group>";
		};
		F81B03DD2AFBB780008DAE87 /* ViewModel */ = {
			isa = PBXGroup;
			children = (
				F81B03E62AFBB87A008DAE87 /* MoviesViewModelProtocol.swift */,
				F8E01D3A2AFC16E400511374 /* MoviesViewModel.swift */,
				F8E01D3C2AFC178A00511374 /* DetailViewModel.swift */,
				F8E01D3E2AFC17A000511374 /* DetailViewModelProtocol.swift */,
			);
			path = ViewModel;
			sourceTree = "<group>";
		};
		F81B03DE2AFBB7F4008DAE87 /* View */ = {
			isa = PBXGroup;
			children = (
				F81B03AF2AFBB764008DAE87 /* ViewController.swift */,
				F81B03EA2AFBC4B7008DAE87 /* DetailViewController.swift */,
			);
			path = View;
			sourceTree = "<group>";
		};
		F81B03DF2AFBB7FE008DAE87 /* Service */ = {
			isa = PBXGroup;
			children = (
				F81B03E02AFBB836008DAE87 /* APIManager.swift */,
				F81B03E22AFBB845008DAE87 /* MovieService.swift */,
			);
			path = Service;
			sourceTree = "<group>";
		};
		F8E01D372AFBE5DE00511374 /* Cells */ = {
			isa = PBXGroup;
			children = (
				F8E01D382AFBE5F700511374 /* MovieCell.swift */,
			);
			path = Cells;
			sourceTree = "<group>";
		};
/* End PBXGroup section */

/* Begin PBXNativeTarget section */
		F81B03A72AFBB764008DAE87 /* MovieApp */ = {
			isa = PBXNativeTarget;
			buildConfigurationList = F81B03D22AFBB767008DAE87 /* Build configuration list for PBXNativeTarget "MovieApp" */;
			buildPhases = (
				F81B03A42AFBB764008DAE87 /* Sources */,
				F81B03A52AFBB764008DAE87 /* Frameworks */,
				F81B03A62AFBB764008DAE87 /* Resources */,
			);
			buildRules = (
			);
			dependencies = (
			);
			name = MovieApp;
			productName = MovieApp;
			productReference = F81B03A82AFBB764008DAE87 /* MovieApp.app */;
			productType = "com.apple.product-type.application";
		};
		F81B03BD2AFBB767008DAE87 /* MovieAppTests */ = {
			isa = PBXNativeTarget;
			buildConfigurationList = F81B03D52AFBB767008DAE87 /* Build configuration list for PBXNativeTarget "MovieAppTests" */;
			buildPhases = (
				F81B03BA2AFBB767008DAE87 /* Sources */,
				F81B03BB2AFBB767008DAE87 /* Frameworks */,
				F81B03BC2AFBB767008DAE87 /* Resources */,
			);
			buildRules = (
			);
			dependencies = (
				F81B03C02AFBB767008DAE87 /* PBXTargetDependency */,
			);
			name = MovieAppTests;
			productName = MovieAppTests;
			productReference = F81B03BE2AFBB767008DAE87 /* MovieAppTests.xctest */;
			productType = "com.apple.product-type.bundle.unit-test";
		};
		F81B03C72AFBB767008DAE87 /* MovieAppUITests */ = {
			isa = PBXNativeTarget;
			buildConfigurationList = F81B03D82AFBB767008DAE87 /* Build configuration list for PBXNativeTarget "MovieAppUITests" */;
			buildPhases = (
				F81B03C42AFBB767008DAE87 /* Sources */,
				F81B03C52AFBB767008DAE87 /* Frameworks */,
				F81B03C62AFBB767008DAE87 /* Resources */,
			);
			buildRules = (
			);
			dependencies = (
				F81B03CA2AFBB767008DAE87 /* PBXTargetDependency */,
			);
			name = MovieAppUITests;
			productName = MovieAppUITests;
			productReference = F81B03C82AFBB767008DAE87 /* MovieAppUITests.xctest */;
			productType = "com.apple.product-type.bundle.ui-testing";
		};
/* End PBXNativeTarget section */

/* Begin PBXProject section */
		F81B03A02AFBB764008DAE87 /* Project object */ = {
			isa = PBXProject;
			attributes = {
				BuildIndependentTargetsInParallel = 1;
				LastSwiftUpdateCheck = 1500;
				LastUpgradeCheck = 1500;
				TargetAttributes = {
					F81B03A72AFBB764008DAE87 = {
						CreatedOnToolsVersion = 15.0;
					};
					F81B03BD2AFBB767008DAE87 = {
						CreatedOnToolsVersion = 15.0;
						TestTargetID = F81B03A72AFBB764008DAE87;
					};
					F81B03C72AFBB767008DAE87 = {
						CreatedOnToolsVersion = 15.0;
						TestTargetID = F81B03A72AFBB764008DAE87;
					};
				};
			};
			buildConfigurationList = F81B03A32AFBB764008DAE87 /* Build configuration list for PBXProject "MovieApp" */;
			compatibilityVersion = "Xcode 14.0";
			developmentRegion = en;
			hasScannedForEncodings = 0;
			knownRegions = (
				en,
				Base,
			);
			mainGroup = F81B039F2AFBB764008DAE87;
			productRefGroup = F81B03A92AFBB764008DAE87 /* Products */;
			projectDirPath = "";
			projectRoot = "";
			targets = (
				F81B03A72AFBB764008DAE87 /* MovieApp */,
				F81B03BD2AFBB767008DAE87 /* MovieAppTests */,
				F81B03C72AFBB767008DAE87 /* MovieAppUITests */,
			);
		};
/* End PBXProject section */

/* Begin PBXResourcesBuildPhase section */
		F81B03A62AFBB764008DAE87 /* Resources */ = {
			isa = PBXResourcesBuildPhase;
			buildActionMask = 2147483647;
			files = (
				F81B03B82AFBB766008DAE87 /* LaunchScreen.storyboard in Resources */,
				F81B03B52AFBB766008DAE87 /* Assets.xcassets in Resources */,
			);
			runOnlyForDeploymentPostprocessing = 0;
		};
		F81B03BC2AFBB767008DAE87 /* Resources */ = {
			isa = PBXResourcesBuildPhase;
			buildActionMask = 2147483647;
			files = (
			);
			runOnlyForDeploymentPostprocessing = 0;
		};
		F81B03C62AFBB767008DAE87 /* Resources */ = {
			isa = PBXResourcesBuildPhase;
			buildActionMask = 2147483647;
			files = (
			);
			runOnlyForDeploymentPostprocessing = 0;
		};
/* End PBXResourcesBuildPhase section */

/* Begin PBXSourcesBuildPhase section */
		F81B03A42AFBB764008DAE87 /* Sources */ = {
			isa = PBXSourcesBuildPhase;
			buildActionMask = 2147483647;
			files = (
				F81B03EB2AFBC4B7008DAE87 /* DetailViewController.swift in Sources */,
				F8E01D3B2AFC16E400511374 /* MoviesViewModel.swift in Sources */,
				F8E01D362AFBE23100511374 /* DetailMoviesModel.swift in Sources */,
				F81B03E12AFBB836008DAE87 /* APIManager.swift in Sources */,
				F8E01D392AFBE5F700511374 /* MovieCell.swift in Sources */,
				F81B03E92AFBB89B008DAE87 /* MoviesModel.swift in Sources */,
				F81B03B02AFBB764008DAE87 /* ViewController.swift in Sources */,
				F8E01D3D2AFC178A00511374 /* DetailViewModel.swift in Sources */,
				F81B03E72AFBB87A008DAE87 /* MoviesViewModelProtocol.swift in Sources */,
				F81B03AC2AFBB764008DAE87 /* AppDelegate.swift in Sources */,
				F81B03AE2AFBB764008DAE87 /* SceneDelegate.swift in Sources */,
				F81B03E32AFBB845008DAE87 /* MovieService.swift in Sources */,
				F8E01D3F2AFC17A000511374 /* DetailViewModelProtocol.swift in Sources */,
			);
			runOnlyForDeploymentPostprocessing = 0;
		};
		F81B03BA2AFBB767008DAE87 /* Sources */ = {
			isa = PBXSourcesBuildPhase;
			buildActionMask = 2147483647;
			files = (
				F81B03C32AFBB767008DAE87 /* MovieAppTests.swift in Sources */,
			);
			runOnlyForDeploymentPostprocessing = 0;
		};
		F81B03C42AFBB767008DAE87 /* Sources */ = {
			isa = PBXSourcesBuildPhase;
			buildActionMask = 2147483647;
			files = (
				F81B03CF2AFBB767008DAE87 /* MovieAppUITestsLaunchTests.swift in Sources */,
				F81B03CD2AFBB767008DAE87 /* MovieAppUITests.swift in Sources */,
			);
			runOnlyForDeploymentPostprocessing = 0;
		};
/* End PBXSourcesBuildPhase section */

/* Begin PBXTargetDependency section */
		F81B03C02AFBB767008DAE87 /* PBXTargetDependency */ = {
			isa = PBXTargetDependency;
			target = F81B03A72AFBB764008DAE87 /* MovieApp */;
			targetProxy = F81B03BF2AFBB767008DAE87 /* PBXContainerItemProxy */;
		};
		F81B03CA2AFBB767008DAE87 /* PBXTargetDependency */ = {
			isa = PBXTargetDependency;
			target = F81B03A72AFBB764008DAE87 /* MovieApp */;
			targetProxy = F81B03C92AFBB767008DAE87 /* PBXContainerItemProxy */;
		};
/* End PBXTargetDependency section */

/* Begin PBXVariantGroup section */
		F81B03B62AFBB766008DAE87 /* LaunchScreen.storyboard */ = {
			isa = PBXVariantGroup;
			children = (
				F81B03B72AFBB766008DAE87 /* Base */,
			);
			name = LaunchScreen.storyboard;
			sourceTree = "<group>";
		};
/* End PBXVariantGroup section */

/* Begin XCBuildConfiguration section */
		F81B03D02AFBB767008DAE87 /* Debug */ = {
			isa = XCBuildConfiguration;
			buildSettings = {
				ALWAYS_SEARCH_USER_PATHS = NO;
				ASSETCATALOG_COMPILER_GENERATE_SWIFT_ASSET_SYMBOL_EXTENSIONS = YES;
				CLANG_ANALYZER_NONNULL = YES;
				CLANG_ANALYZER_NUMBER_OBJECT_CONVERSION = YES_AGGRESSIVE;
				CLANG_CXX_LANGUAGE_STANDARD = "gnu++20";
				CLANG_ENABLE_MODULES = YES;
				CLANG_ENABLE_OBJC_ARC = YES;
				CLANG_ENABLE_OBJC_WEAK = YES;
				CLANG_WARN_BLOCK_CAPTURE_AUTORELEASING = YES;
				CLANG_WARN_BOOL_CONVERSION = YES;
				CLANG_WARN_COMMA = YES;
				CLANG_WARN_CONSTANT_CONVERSION = YES;
				CLANG_WARN_DEPRECATED_OBJC_IMPLEMENTATIONS = YES;
				CLANG_WARN_DIRECT_OBJC_ISA_USAGE = YES_ERROR;
				CLANG_WARN_DOCUMENTATION_COMMENTS = YES;
				CLANG_WARN_EMPTY_BODY = YES;
				CLANG_WARN_ENUM_CONVERSION = YES;
				CLANG_WARN_INFINITE_RECURSION = YES;
				CLANG_WARN_INT_CONVERSION = YES;
				CLANG_WARN_NON_LITERAL_NULL_CONVERSION = YES;
				CLANG_WARN_OBJC_IMPLICIT_RETAIN_SELF = YES;
				CLANG_WARN_OBJC_LITERAL_CONVERSION = YES;
				CLANG_WARN_OBJC_ROOT_CLASS = YES_ERROR;
				CLANG_WARN_QUOTED_INCLUDE_IN_FRAMEWORK_HEADER = YES;
				CLANG_WARN_RANGE_LOOP_ANALYSIS = YES;
				CLANG_WARN_STRICT_PROTOTYPES = YES;
				CLANG_WARN_SUSPICIOUS_MOVE = YES;
				CLANG_WARN_UNGUARDED_AVAILABILITY = YES_AGGRESSIVE;
				CLANG_WARN_UNREACHABLE_CODE = YES;
				CLANG_WARN__DUPLICATE_METHOD_MATCH = YES;
				COPY_PHASE_STRIP = NO;
				DEBUG_INFORMATION_FORMAT = dwarf;
				ENABLE_STRICT_OBJC_MSGSEND = YES;
				ENABLE_TESTABILITY = YES;
				ENABLE_USER_SCRIPT_SANDBOXING = YES;
				GCC_C_LANGUAGE_STANDARD = gnu17;
				GCC_DYNAMIC_NO_PIC = NO;
				GCC_NO_COMMON_BLOCKS = YES;
				GCC_OPTIMIZATION_LEVEL = 0;
				GCC_PREPROCESSOR_DEFINITIONS = (
					"DEBUG=1",
					"$(inherited)",
				);
				GCC_WARN_64_TO_32_BIT_CONVERSION = YES;
				GCC_WARN_ABOUT_RETURN_TYPE = YES_ERROR;
				GCC_WARN_UNDECLARED_SELECTOR = YES;
				GCC_WARN_UNINITIALIZED_AUTOS = YES_AGGRESSIVE;
				GCC_WARN_UNUSED_FUNCTION = YES;
				GCC_WARN_UNUSED_VARIABLE = YES;
				IPHONEOS_DEPLOYMENT_TARGET = 17.0;
				LOCALIZATION_PREFERS_STRING_CATALOGS = YES;
				MTL_ENABLE_DEBUG_INFO = INCLUDE_SOURCE;
				MTL_FAST_MATH = YES;
				ONLY_ACTIVE_ARCH = YES;
				SDKROOT = iphoneos;
				SWIFT_ACTIVE_COMPILATION_CONDITIONS = "DEBUG $(inherited)";
				SWIFT_OPTIMIZATION_LEVEL = "-Onone";
			};
			name = Debug;
		};
		F81B03D12AFBB767008DAE87 /* Release */ = {
			isa = XCBuildConfiguration;
			buildSettings = {
				ALWAYS_SEARCH_USER_PATHS = NO;
				ASSETCATALOG_COMPILER_GENERATE_SWIFT_ASSET_SYMBOL_EXTENSIONS = YES;
				CLANG_ANALYZER_NONNULL = YES;
				CLANG_ANALYZER_NUMBER_OBJECT_CONVERSION = YES_AGGRESSIVE;
				CLANG_CXX_LANGUAGE_STANDARD = "gnu++20";
				CLANG_ENABLE_MODULES = YES;
				CLANG_ENABLE_OBJC_ARC = YES;
				CLANG_ENABLE_OBJC_WEAK = YES;
				CLANG_WARN_BLOCK_CAPTURE_AUTORELEASING = YES;
				CLANG_WARN_BOOL_CONVERSION = YES;
				CLANG_WARN_COMMA = YES;
				CLANG_WARN_CONSTANT_CONVERSION = YES;
				CLANG_WARN_DEPRECATED_OBJC_IMPLEMENTATIONS = YES;
				CLANG_WARN_DIRECT_OBJC_ISA_USAGE = YES_ERROR;
				CLANG_WARN_DOCUMENTATION_COMMENTS = YES;
				CLANG_WARN_EMPTY_BODY = YES;
				CLANG_WARN_ENUM_CONVERSION = YES;
				CLANG_WARN_INFINITE_RECURSION = YES;
				CLANG_WARN_INT_CONVERSION = YES;
				CLANG_WARN_NON_LITERAL_NULL_CONVERSION = YES;
				CLANG_WARN_OBJC_IMPLICIT_RETAIN_SELF = YES;
				CLANG_WARN_OBJC_LITERAL_CONVERSION = YES;
				CLANG_WARN_OBJC_ROOT_CLASS = YES_ERROR;
				CLANG_WARN_QUOTED_INCLUDE_IN_FRAMEWORK_HEADER = YES;
				CLANG_WARN_RANGE_LOOP_ANALYSIS = YES;
				CLANG_WARN_STRICT_PROTOTYPES = YES;
				CLANG_WARN_SUSPICIOUS_MOVE = YES;
				CLANG_WARN_UNGUARDED_AVAILABILITY = YES_AGGRESSIVE;
				CLANG_WARN_UNREACHABLE_CODE = YES;
				CLANG_WARN__DUPLICATE_METHOD_MATCH = YES;
				COPY_PHASE_STRIP = NO;
				DEBUG_INFORMATION_FORMAT = "dwarf-with-dsym";
				ENABLE_NS_ASSERTIONS = NO;
				ENABLE_STRICT_OBJC_MSGSEND = YES;
				ENABLE_USER_SCRIPT_SANDBOXING = YES;
				GCC_C_LANGUAGE_STANDARD = gnu17;
				GCC_NO_COMMON_BLOCKS = YES;
				GCC_WARN_64_TO_32_BIT_CONVERSION = YES;
				GCC_WARN_ABOUT_RETURN_TYPE = YES_ERROR;
				GCC_WARN_UNDECLARED_SELECTOR = YES;
				GCC_WARN_UNINITIALIZED_AUTOS = YES_AGGRESSIVE;
				GCC_WARN_UNUSED_FUNCTION = YES;
				GCC_WARN_UNUSED_VARIABLE = YES;
				IPHONEOS_DEPLOYMENT_TARGET = 17.0;
				LOCALIZATION_PREFERS_STRING_CATALOGS = YES;
				MTL_ENABLE_DEBUG_INFO = NO;
				MTL_FAST_MATH = YES;
				SDKROOT = iphoneos;
				SWIFT_COMPILATION_MODE = wholemodule;
				VALIDATE_PRODUCT = YES;
			};
			name = Release;
		};
		F81B03D32AFBB767008DAE87 /* Debug */ = {
			isa = XCBuildConfiguration;
			buildSettings = {
				ASSETCATALOG_COMPILER_APPICON_NAME = AppIcon;
				ASSETCATALOG_COMPILER_GLOBAL_ACCENT_COLOR_NAME = AccentColor;
				CODE_SIGN_STYLE = Automatic;
				CURRENT_PROJECT_VERSION = 1;
				GENERATE_INFOPLIST_FILE = YES;
				INFOPLIST_FILE = MovieApp/Info.plist;
				INFOPLIST_KEY_UIApplicationSupportsIndirectInputEvents = YES;
				INFOPLIST_KEY_UILaunchStoryboardName = LaunchScreen;
				INFOPLIST_KEY_UISupportedInterfaceOrientations_iPad = "UIInterfaceOrientationPortrait UIInterfaceOrientationPortraitUpsideDown UIInterfaceOrientationLandscapeLeft UIInterfaceOrientationLandscapeRight";
				INFOPLIST_KEY_UISupportedInterfaceOrientations_iPhone = "UIInterfaceOrientationPortrait UIInterfaceOrientationLandscapeLeft UIInterfaceOrientationLandscapeRight";
				LD_RUNPATH_SEARCH_PATHS = (
					"$(inherited)",
					"@executable_path/Frameworks",
				);
				MARKETING_VERSION = 1.0;
				PRODUCT_BUNDLE_IDENTIFIER = com.BeyzaOlgunsoy.MovieApp;
				PRODUCT_NAME = "$(TARGET_NAME)";
				SWIFT_EMIT_LOC_STRINGS = YES;
				SWIFT_VERSION = 5.0;
				TARGETED_DEVICE_FAMILY = "1,2";
			};
			name = Debug;
		};
		F81B03D42AFBB767008DAE87 /* Release */ = {
			isa = XCBuildConfiguration;
			buildSettings = {
				ASSETCATALOG_COMPILER_APPICON_NAME = AppIcon;
				ASSETCATALOG_COMPILER_GLOBAL_ACCENT_COLOR_NAME = AccentColor;
				CODE_SIGN_STYLE = Automatic;
				CURRENT_PROJECT_VERSION = 1;
				GENERATE_INFOPLIST_FILE = YES;
				INFOPLIST_FILE = MovieApp/Info.plist;
				INFOPLIST_KEY_UIApplicationSupportsIndirectInputEvents = YES;
				INFOPLIST_KEY_UILaunchStoryboardName = LaunchScreen;
				INFOPLIST_KEY_UISupportedInterfaceOrientations_iPad = "UIInterfaceOrientationPortrait UIInterfaceOrientationPortraitUpsideDown UIInterfaceOrientationLandscapeLeft UIInterfaceOrientationLandscapeRight";
				INFOPLIST_KEY_UISupportedInterfaceOrientations_iPhone = "UIInterfaceOrientationPortrait UIInterfaceOrientationLandscapeLeft UIInterfaceOrientationLandscapeRight";
				LD_RUNPATH_SEARCH_PATHS = (
					"$(inherited)",
					"@executable_path/Frameworks",
				);
				MARKETING_VERSION = 1.0;
				PRODUCT_BUNDLE_IDENTIFIER = com.BeyzaOlgunsoy.MovieApp;
				PRODUCT_NAME = "$(TARGET_NAME)";
				SWIFT_EMIT_LOC_STRINGS = YES;
				SWIFT_VERSION = 5.0;
				TARGETED_DEVICE_FAMILY = "1,2";
			};
			name = Release;
		};
		F81B03D62AFBB767008DAE87 /* Debug */ = {
			isa = XCBuildConfiguration;
			buildSettings = {
				ALWAYS_EMBED_SWIFT_STANDARD_LIBRARIES = YES;
				BUNDLE_LOADER = "$(TEST_HOST)";
				CODE_SIGN_STYLE = Automatic;
				CURRENT_PROJECT_VERSION = 1;
				GENERATE_INFOPLIST_FILE = YES;
				IPHONEOS_DEPLOYMENT_TARGET = 17.0;
				MARKETING_VERSION = 1.0;
				PRODUCT_BUNDLE_IDENTIFIER = com.BeyzaOlgunsoy.MovieAppTests;
				PRODUCT_NAME = "$(TARGET_NAME)";
				SWIFT_EMIT_LOC_STRINGS = NO;
				SWIFT_VERSION = 5.0;
				TARGETED_DEVICE_FAMILY = "1,2";
				TEST_HOST = "$(BUILT_PRODUCTS_DIR)/MovieApp.app/$(BUNDLE_EXECUTABLE_FOLDER_PATH)/MovieApp";
			};
			name = Debug;
		};
		F81B03D72AFBB767008DAE87 /* Release */ = {
			isa = XCBuildConfiguration;
			buildSettings = {
				ALWAYS_EMBED_SWIFT_STANDARD_LIBRARIES = YES;
				BUNDLE_LOADER = "$(TEST_HOST)";
				CODE_SIGN_STYLE = Automatic;
				CURRENT_PROJECT_VERSION = 1;
				GENERATE_INFOPLIST_FILE = YES;
				IPHONEOS_DEPLOYMENT_TARGET = 17.0;
				MARKETING_VERSION = 1.0;
				PRODUCT_BUNDLE_IDENTIFIER = com.BeyzaOlgunsoy.MovieAppTests;
				PRODUCT_NAME = "$(TARGET_NAME)";
				SWIFT_EMIT_LOC_STRINGS = NO;
				SWIFT_VERSION = 5.0;
				TARGETED_DEVICE_FAMILY = "1,2";
				TEST_HOST = "$(BUILT_PRODUCTS_DIR)/MovieApp.app/$(BUNDLE_EXECUTABLE_FOLDER_PATH)/MovieApp";
			};
			name = Release;
		};
		F81B03D92AFBB767008DAE87 /* Debug */ = {
			isa = XCBuildConfiguration;
			buildSettings = {
				ALWAYS_EMBED_SWIFT_STANDARD_LIBRARIES = YES;
				CODE_SIGN_STYLE = Automatic;
				CURRENT_PROJECT_VERSION = 1;
				GENERATE_INFOPLIST_FILE = YES;
				MARKETING_VERSION = 1.0;
				PRODUCT_BUNDLE_IDENTIFIER = com.BeyzaOlgunsoy.MovieAppUITests;
				PRODUCT_NAME = "$(TARGET_NAME)";
				SWIFT_EMIT_LOC_STRINGS = NO;
				SWIFT_VERSION = 5.0;
				TARGETED_DEVICE_FAMILY = "1,2";
				TEST_TARGET_NAME = MovieApp;
			};
			name = Debug;
		};
		F81B03DA2AFBB767008DAE87 /* Release */ = {
			isa = XCBuildConfiguration;
			buildSettings = {
				ALWAYS_EMBED_SWIFT_STANDARD_LIBRARIES = YES;
				CODE_SIGN_STYLE = Automatic;
				CURRENT_PROJECT_VERSION = 1;
				GENERATE_INFOPLIST_FILE = YES;
				MARKETING_VERSION = 1.0;
				PRODUCT_BUNDLE_IDENTIFIER = com.BeyzaOlgunsoy.MovieAppUITests;
				PRODUCT_NAME = "$(TARGET_NAME)";
				SWIFT_EMIT_LOC_STRINGS = NO;
				SWIFT_VERSION = 5.0;
				TARGETED_DEVICE_FAMILY = "1,2";
				TEST_TARGET_NAME = MovieApp;
			};
			name = Release;
		};
/* End XCBuildConfiguration section */

/* Begin XCConfigurationList section */
		F81B03A32AFBB764008DAE87 /* Build configuration list for PBXProject "MovieApp" */ = {
			isa = XCConfigurationList;
			buildConfigurations = (
				F81B03D02AFBB767008DAE87 /* Debug */,
				F81B03D12AFBB767008DAE87 /* Release */,
			);
			defaultConfigurationIsVisible = 0;
			defaultConfigurationName = Release;
		};
		F81B03D22AFBB767008DAE87 /* Build configuration list for PBXNativeTarget "MovieApp" */ = {
			isa = XCConfigurationList;
			buildConfigurations = (
				F81B03D32AFBB767008DAE87 /* Debug */,
				F81B03D42AFBB767008DAE87 /* Release */,
			);
			defaultConfigurationIsVisible = 0;
			defaultConfigurationName = Release;
		};
		F81B03D52AFBB767008DAE87 /* Build configuration list for PBXNativeTarget "MovieAppTests" */ = {
			isa = XCConfigurationList;
			buildConfigurations = (
				F81B03D62AFBB767008DAE87 /* Debug */,
				F81B03D72AFBB767008DAE87 /* Release */,
			);
			defaultConfigurationIsVisible = 0;
			defaultConfigurationName = Release;
		};
		F81B03D82AFBB767008DAE87 /* Build configuration list for PBXNativeTarget "MovieAppUITests" */ = {
			isa = XCConfigurationList;
			buildConfigurations = (
				F81B03D92AFBB767008DAE87 /* Debug */,
				F81B03DA2AFBB767008DAE87 /* Release */,
			);
			defaultConfigurationIsVisible = 0;
			defaultConfigurationName = Release;
		};
/* End XCConfigurationList section */
	};
	rootObject = F81B03A02AFBB764008DAE87 /* Project object */;
}
